// !$*UTF8*$!
{
	archiveVersion = 1;
	classes = {
	};
	objectVersion = 56;
	objects = {

/* Begin PBXBuildFile section */
		606DE04B29E5DF8400AED6AA /* AppDelegate.swift in Sources */ = {isa = PBXBuildFile; fileRef = 606DE04A29E5DF8400AED6AA /* AppDelegate.swift */; };
		606DE04D29E5DF8400AED6AA /* SceneDelegate.swift in Sources */ = {isa = PBXBuildFile; fileRef = 606DE04C29E5DF8400AED6AA /* SceneDelegate.swift */; };
		606DE05429E5DF8600AED6AA /* Assets.xcassets in Resources */ = {isa = PBXBuildFile; fileRef = 606DE05329E5DF8600AED6AA /* Assets.xcassets */; };
		606DE05729E5DF8600AED6AA /* LaunchScreen.storyboard in Resources */ = {isa = PBXBuildFile; fileRef = 606DE05529E5DF8600AED6AA /* LaunchScreen.storyboard */; };
		606DE06029E5E20E00AED6AA /* EmojiTableViewController.swift in Sources */ = {isa = PBXBuildFile; fileRef = 606DE05F29E5E20E00AED6AA /* EmojiTableViewController.swift */; };
		606DE06329E5E68500AED6AA /* EmojiTableViewCell.swift in Sources */ = {isa = PBXBuildFile; fileRef = 606DE06229E5E68500AED6AA /* EmojiTableViewCell.swift */; };
		606DE06629E5E8BE00AED6AA /* SnapKit in Frameworks */ = {isa = PBXBuildFile; productRef = 606DE06529E5E8BE00AED6AA /* SnapKit */; };
		606DE06829E5ED0E00AED6AA /* EmojiModel.swift in Sources */ = {isa = PBXBuildFile; fileRef = 606DE06729E5ED0E00AED6AA /* EmojiModel.swift */; };
		606DE06A29E6E65D00AED6AA /* NewEmojiTableViewController.swift in Sources */ = {isa = PBXBuildFile; fileRef = 606DE06929E6E65D00AED6AA /* NewEmojiTableViewController.swift */; };
		606DE06C29E6E96F00AED6AA /* NewEmojiTableViewCell.swift in Sources */ = {isa = PBXBuildFile; fileRef = 606DE06B29E6E96F00AED6AA /* NewEmojiTableViewCell.swift */; };
/* End PBXBuildFile section */

/* Begin PBXFileReference section */
		606DE04729E5DF8400AED6AA /* collections app TableView+CollectionView.app */ = {isa = PBXFileReference; explicitFileType = wrapper.application; includeInIndex = 0; path = "collections app TableView+CollectionView.app"; sourceTree = BUILT_PRODUCTS_DIR; };
		606DE04A29E5DF8400AED6AA /* AppDelegate.swift */ = {isa = PBXFileReference; lastKnownFileType = sourcecode.swift; path = AppDelegate.swift; sourceTree = "<group>"; };
		606DE04C29E5DF8400AED6AA /* SceneDelegate.swift */ = {isa = PBXFileReference; lastKnownFileType = sourcecode.swift; path = SceneDelegate.swift; sourceTree = "<group>"; };
		606DE05329E5DF8600AED6AA /* Assets.xcassets */ = {isa = PBXFileReference; lastKnownFileType = folder.assetcatalog; path = Assets.xcassets; sourceTree = "<group>"; };
		606DE05629E5DF8600AED6AA /* Base */ = {isa = PBXFileReference; lastKnownFileType = file.storyboard; name = Base; path = Base.lproj/LaunchScreen.storyboard; sourceTree = "<group>"; };
		606DE05829E5DF8600AED6AA /* Info.plist */ = {isa = PBXFileReference; lastKnownFileType = text.plist.xml; path = Info.plist; sourceTree = "<group>"; };
		606DE05F29E5E20E00AED6AA /* EmojiTableViewController.swift */ = {isa = PBXFileReference; lastKnownFileType = sourcecode.swift; path = EmojiTableViewController.swift; sourceTree = "<group>"; };
		606DE06229E5E68500AED6AA /* EmojiTableViewCell.swift */ = {isa = PBXFileReference; lastKnownFileType = sourcecode.swift; path = EmojiTableViewCell.swift; sourceTree = "<group>"; };
		606DE06729E5ED0E00AED6AA /* EmojiModel.swift */ = {isa = PBXFileReference; lastKnownFileType = sourcecode.swift; path = EmojiModel.swift; sourceTree = "<group>"; };
		606DE06929E6E65D00AED6AA /* NewEmojiTableViewController.swift */ = {isa = PBXFileReference; lastKnownFileType = sourcecode.swift; path = NewEmojiTableViewController.swift; sourceTree = "<group>"; };
		606DE06B29E6E96F00AED6AA /* NewEmojiTableViewCell.swift */ = {isa = PBXFileReference; lastKnownFileType = sourcecode.swift; path = NewEmojiTableViewCell.swift; sourceTree = "<group>"; };
/* End PBXFileReference section */

/* Begin PBXFrameworksBuildPhase section */
		606DE04429E5DF8400AED6AA /* Frameworks */ = {
			isa = PBXFrameworksBuildPhase;
			buildActionMask = 2147483647;
			files = (
				606DE06629E5E8BE00AED6AA /* SnapKit in Frameworks */,
			);
			runOnlyForDeploymentPostprocessing = 0;
		};
/* End PBXFrameworksBuildPhase section */

/* Begin PBXGroup section */
		606DE03E29E5DF8400AED6AA = {
			isa = PBXGroup;
			children = (
				606DE04929E5DF8400AED6AA /* collections app TableView+CollectionView */,
				606DE04829E5DF8400AED6AA /* Products */,
			);
			sourceTree = "<group>";
		};
		606DE04829E5DF8400AED6AA /* Products */ = {
			isa = PBXGroup;
			children = (
				606DE04729E5DF8400AED6AA /* collections app TableView+CollectionView.app */,
			);
			name = Products;
			sourceTree = "<group>";
		};
		606DE04929E5DF8400AED6AA /* collections app TableView+CollectionView */ = {
			isa = PBXGroup;
			children = (
				606DE06129E5E21200AED6AA /* TableView App */,
				606DE05E29E5E1E400AED6AA /* App */,
			);
			path = "collections app TableView+CollectionView";
			sourceTree = "<group>";
		};
		606DE05E29E5E1E400AED6AA /* App */ = {
			isa = PBXGroup;
			children = (
				606DE04A29E5DF8400AED6AA /* AppDelegate.swift */,
				606DE04C29E5DF8400AED6AA /* SceneDelegate.swift */,
				606DE05329E5DF8600AED6AA /* Assets.xcassets */,
				606DE05529E5DF8600AED6AA /* LaunchScreen.storyboard */,
				606DE05829E5DF8600AED6AA /* Info.plist */,
			);
			path = App;
			sourceTree = "<group>";
		};
		606DE06129E5E21200AED6AA /* TableView App */ = {
			isa = PBXGroup;
			children = (
				606DE05F29E5E20E00AED6AA /* EmojiTableViewController.swift */,
				606DE06229E5E68500AED6AA /* EmojiTableViewCell.swift */,
				606DE06729E5ED0E00AED6AA /* EmojiModel.swift */,
				606DE06929E6E65D00AED6AA /* NewEmojiTableViewController.swift */,
				606DE06B29E6E96F00AED6AA /* NewEmojiTableViewCell.swift */,
			);
			path = "TableView App";
			sourceTree = "<group>";
		};
/* End PBXGroup section */

/* Begin PBXNativeTarget section */
		606DE04629E5DF8400AED6AA /* collections app TableView+CollectionView */ = {
			isa = PBXNativeTarget;
			buildConfigurationList = 606DE05B29E5DF8600AED6AA /* Build configuration list for PBXNativeTarget "collections app TableView+CollectionView" */;
			buildPhases = (
				606DE04329E5DF8400AED6AA /* Sources */,
				606DE04429E5DF8400AED6AA /* Frameworks */,
				606DE04529E5DF8400AED6AA /* Resources */,
			);
			buildRules = (
			);
			dependencies = (
			);
			name = "collections app TableView+CollectionView";
			packageProductDependencies = (
				606DE06529E5E8BE00AED6AA /* SnapKit */,
			);
			productName = "collections app TableView+CollectionView";
			productReference = 606DE04729E5DF8400AED6AA /* collections app TableView+CollectionView.app */;
			productType = "com.apple.product-type.application";
		};
/* End PBXNativeTarget section */

/* Begin PBXProject section */
		606DE03F29E5DF8400AED6AA /* Project object */ = {
			isa = PBXProject;
			attributes = {
				BuildIndependentTargetsInParallel = 1;
				LastSwiftUpdateCheck = 1400;
				LastUpgradeCheck = 1400;
				TargetAttributes = {
					606DE04629E5DF8400AED6AA = {
						CreatedOnToolsVersion = 14.0.1;
					};
				};
			};
			buildConfigurationList = 606DE04229E5DF8400AED6AA /* Build configuration list for PBXProject "collections app TableView+CollectionView" */;
			compatibilityVersion = "Xcode 14.0";
			developmentRegion = en;
			hasScannedForEncodings = 0;
			knownRegions = (
				en,
				Base,
			);
			mainGroup = 606DE03E29E5DF8400AED6AA;
			packageReferences = (
				606DE06429E5E8BE00AED6AA /* XCRemoteSwiftPackageReference "SnapKit" */,
			);
			productRefGroup = 606DE04829E5DF8400AED6AA /* Products */;
			projectDirPath = "";
			projectRoot = "";
			targets = (
				606DE04629E5DF8400AED6AA /* collections app TableView+CollectionView */,
			);
		};
/* End PBXProject section */

/* Begin PBXResourcesBuildPhase section */
		606DE04529E5DF8400AED6AA /* Resources */ = {
			isa = PBXResourcesBuildPhase;
			buildActionMask = 2147483647;
			files = (
				606DE05729E5DF8600AED6AA /* LaunchScreen.storyboard in Resources */,
				606DE05429E5DF8600AED6AA /* Assets.xcassets in Resources */,
			);
			runOnlyForDeploymentPostprocessing = 0;
		};
/* End PBXResourcesBuildPhase section */

/* Begin PBXSourcesBuildPhase section */
		606DE04329E5DF8400AED6AA /* Sources */ = {
			isa = PBXSourcesBuildPhase;
			buildActionMask = 2147483647;
			files = (
				606DE04B29E5DF8400AED6AA /* AppDelegate.swift in Sources */,
				606DE06A29E6E65D00AED6AA /* NewEmojiTableViewController.swift in Sources */,
				606DE04D29E5DF8400AED6AA /* SceneDelegate.swift in Sources */,
				606DE06329E5E68500AED6AA /* EmojiTableViewCell.swift in Sources */,
				606DE06829E5ED0E00AED6AA /* EmojiModel.swift in Sources */,
				606DE06C29E6E96F00AED6AA /* NewEmojiTableViewCell.swift in Sources */,
				606DE06029E5E20E00AED6AA /* EmojiTableViewController.swift in Sources */,
			);
			runOnlyForDeploymentPostprocessing = 0;
		};
/* End PBXSourcesBuildPhase section */

/* Begin PBXVariantGroup section */
		606DE05529E5DF8600AED6AA /* LaunchScreen.storyboard */ = {
			isa = PBXVariantGroup;
			children = (
				606DE05629E5DF8600AED6AA /* Base */,
			);
			name = LaunchScreen.storyboard;
			sourceTree = "<group>";
		};
/* End PBXVariantGroup section */

/* Begin XCBuildConfiguration section */
		606DE05929E5DF8600AED6AA /* Debug */ = {
			isa = XCBuildConfiguration;
			buildSettings = {
				ALWAYS_SEARCH_USER_PATHS = NO;
				CLANG_ANALYZER_NONNULL = YES;
				CLANG_ANALYZER_NUMBER_OBJECT_CONVERSION = YES_AGGRESSIVE;
				CLANG_CXX_LANGUAGE_STANDARD = "gnu++20";
				CLANG_ENABLE_MODULES = YES;
				CLANG_ENABLE_OBJC_ARC = YES;
				CLANG_ENABLE_OBJC_WEAK = YES;
				CLANG_WARN_BLOCK_CAPTURE_AUTORELEASING = YES;
				CLANG_WARN_BOOL_CONVERSION = YES;
				CLANG_WARN_COMMA = YES;
				CLANG_WARN_CONSTANT_CONVERSION = YES;
				CLANG_WARN_DEPRECATED_OBJC_IMPLEMENTATIONS = YES;
				CLANG_WARN_DIRECT_OBJC_ISA_USAGE = YES_ERROR;
				CLANG_WARN_DOCUMENTATION_COMMENTS = YES;
				CLANG_WARN_EMPTY_BODY = YES;
				CLANG_WARN_ENUM_CONVERSION = YES;
				CLANG_WARN_INFINITE_RECURSION = YES;
				CLANG_WARN_INT_CONVERSION = YES;
				CLANG_WARN_NON_LITERAL_NULL_CONVERSION = YES;
				CLANG_WARN_OBJC_IMPLICIT_RETAIN_SELF = YES;
				CLANG_WARN_OBJC_LITERAL_CONVERSION = YES;
				CLANG_WARN_OBJC_ROOT_CLASS = YES_ERROR;
				CLANG_WARN_QUOTED_INCLUDE_IN_FRAMEWORK_HEADER = YES;
				CLANG_WARN_RANGE_LOOP_ANALYSIS = YES;
				CLANG_WARN_STRICT_PROTOTYPES = YES;
				CLANG_WARN_SUSPICIOUS_MOVE = YES;
				CLANG_WARN_UNGUARDED_AVAILABILITY = YES_AGGRESSIVE;
				CLANG_WARN_UNREACHABLE_CODE = YES;
				CLANG_WARN__DUPLICATE_METHOD_MATCH = YES;
				COPY_PHASE_STRIP = NO;
				DEBUG_INFORMATION_FORMAT = dwarf;
				ENABLE_STRICT_OBJC_MSGSEND = YES;
				ENABLE_TESTABILITY = YES;
				GCC_C_LANGUAGE_STANDARD = gnu11;
				GCC_DYNAMIC_NO_PIC = NO;
				GCC_NO_COMMON_BLOCKS = YES;
				GCC_OPTIMIZATION_LEVEL = 0;
				GCC_PREPROCESSOR_DEFINITIONS = (
					"DEBUG=1",
					"$(inherited)",
				);
				GCC_WARN_64_TO_32_BIT_CONVERSION = YES;
				GCC_WARN_ABOUT_RETURN_TYPE = YES_ERROR;
				GCC_WARN_UNDECLARED_SELECTOR = YES;
				GCC_WARN_UNINITIALIZED_AUTOS = YES_AGGRESSIVE;
				GCC_WARN_UNUSED_FUNCTION = YES;
				GCC_WARN_UNUSED_VARIABLE = YES;
				IPHONEOS_DEPLOYMENT_TARGET = 16.0;
				MTL_ENABLE_DEBUG_INFO = INCLUDE_SOURCE;
				MTL_FAST_MATH = YES;
				ONLY_ACTIVE_ARCH = YES;
				SDKROOT = iphoneos;
				SWIFT_ACTIVE_COMPILATION_CONDITIONS = DEBUG;
				SWIFT_OPTIMIZATION_LEVEL = "-Onone";
			};
			name = Debug;
		};
		606DE05A29E5DF8600AED6AA /* Release */ = {
			isa = XCBuildConfiguration;
			buildSettings = {
				ALWAYS_SEARCH_USER_PATHS = NO;
				CLANG_ANALYZER_NONNULL = YES;
				CLANG_ANALYZER_NUMBER_OBJECT_CONVERSION = YES_AGGRESSIVE;
				CLANG_CXX_LANGUAGE_STANDARD = "gnu++20";
				CLANG_ENABLE_MODULES = YES;
				CLANG_ENABLE_OBJC_ARC = YES;
				CLANG_ENABLE_OBJC_WEAK = YES;
				CLANG_WARN_BLOCK_CAPTURE_AUTORELEASING = YES;
				CLANG_WARN_BOOL_CONVERSION = YES;
				CLANG_WARN_COMMA = YES;
				CLANG_WARN_CONSTANT_CONVERSION = YES;
				CLANG_WARN_DEPRECATED_OBJC_IMPLEMENTATIONS = YES;
				CLANG_WARN_DIRECT_OBJC_ISA_USAGE = YES_ERROR;
				CLANG_WARN_DOCUMENTATION_COMMENTS = YES;
				CLANG_WARN_EMPTY_BODY = YES;
				CLANG_WARN_ENUM_CONVERSION = YES;
				CLANG_WARN_INFINITE_RECURSION = YES;
				CLANG_WARN_INT_CONVERSION = YES;
				CLANG_WARN_NON_LITERAL_NULL_CONVERSION = YES;
				CLANG_WARN_OBJC_IMPLICIT_RETAIN_SELF = YES;
				CLANG_WARN_OBJC_LITERAL_CONVERSION = YES;
				CLANG_WARN_OBJC_ROOT_CLASS = YES_ERROR;
				CLANG_WARN_QUOTED_INCLUDE_IN_FRAMEWORK_HEADER = YES;
				CLANG_WARN_RANGE_LOOP_ANALYSIS = YES;
				CLANG_WARN_STRICT_PROTOTYPES = YES;
				CLANG_WARN_SUSPICIOUS_MOVE = YES;
				CLANG_WARN_UNGUARDED_AVAILABILITY = YES_AGGRESSIVE;
				CLANG_WARN_UNREACHABLE_CODE = YES;
				CLANG_WARN__DUPLICATE_METHOD_MATCH = YES;
				COPY_PHASE_STRIP = NO;
				DEBUG_INFORMATION_FORMAT = "dwarf-with-dsym";
				ENABLE_NS_ASSERTIONS = NO;
				ENABLE_STRICT_OBJC_MSGSEND = YES;
				GCC_C_LANGUAGE_STANDARD = gnu11;
				GCC_NO_COMMON_BLOCKS = YES;
				GCC_WARN_64_TO_32_BIT_CONVERSION = YES;
				GCC_WARN_ABOUT_RETURN_TYPE = YES_ERROR;
				GCC_WARN_UNDECLARED_SELECTOR = YES;
				GCC_WARN_UNINITIALIZED_AUTOS = YES_AGGRESSIVE;
				GCC_WARN_UNUSED_FUNCTION = YES;
				GCC_WARN_UNUSED_VARIABLE = YES;
				IPHONEOS_DEPLOYMENT_TARGET = 16.0;
				MTL_ENABLE_DEBUG_INFO = NO;
				MTL_FAST_MATH = YES;
				SDKROOT = iphoneos;
				SWIFT_COMPILATION_MODE = wholemodule;
				SWIFT_OPTIMIZATION_LEVEL = "-O";
				VALIDATE_PRODUCT = YES;
			};
			name = Release;
		};
		606DE05C29E5DF8600AED6AA /* Debug */ = {
			isa = XCBuildConfiguration;
			buildSettings = {
				ASSETCATALOG_COMPILER_APPICON_NAME = AppIcon;
				ASSETCATALOG_COMPILER_GLOBAL_ACCENT_COLOR_NAME = AccentColor;
				CODE_SIGN_STYLE = Automatic;
				CURRENT_PROJECT_VERSION = 1;
				DEVELOPMENT_TEAM = 6YX8RWQNTP;
				GENERATE_INFOPLIST_FILE = YES;
				INFOPLIST_FILE = "collections app TableView+CollectionView/App/Info.plist";
				INFOPLIST_KEY_UIApplicationSupportsIndirectInputEvents = YES;
				INFOPLIST_KEY_UILaunchStoryboardName = LaunchScreen;
				INFOPLIST_KEY_UISupportedInterfaceOrientations_iPad = "UIInterfaceOrientationPortrait UIInterfaceOrientationPortraitUpsideDown UIInterfaceOrientationLandscapeLeft UIInterfaceOrientationLandscapeRight";
				INFOPLIST_KEY_UISupportedInterfaceOrientations_iPhone = "UIInterfaceOrientationPortrait UIInterfaceOrientationLandscapeLeft UIInterfaceOrientationLandscapeRight";
				LD_RUNPATH_SEARCH_PATHS = (
					"$(inherited)",
					"@executable_path/Frameworks",
				);
				MARKETING_VERSION = 1.0;
				PRODUCT_BUNDLE_IDENTIFIER = "adlet.zhan.collections-app-TableView-CollectionView";
				PRODUCT_NAME = "$(TARGET_NAME)";
				SWIFT_EMIT_LOC_STRINGS = YES;
				SWIFT_VERSION = 5.0;
				TARGETED_DEVICE_FAMILY = "1,2";
			};
			name = Debug;
		};
		606DE05D29E5DF8600AED6AA /* Release */ = {
			isa = XCBuildConfiguration;
			buildSettings = {
				ASSETCATALOG_COMPILER_APPICON_NAME = AppIcon;
				ASSETCATALOG_COMPILER_GLOBAL_ACCENT_COLOR_NAME = AccentColor;
				CODE_SIGN_STYLE = Automatic;
				CURRENT_PROJECT_VERSION = 1;
				DEVELOPMENT_TEAM = 6YX8RWQNTP;
				GENERATE_INFOPLIST_FILE = YES;
				INFOPLIST_FILE = "collections app TableView+CollectionView/App/Info.plist";
				INFOPLIST_KEY_UIApplicationSupportsIndirectInputEvents = YES;
				INFOPLIST_KEY_UILaunchStoryboardName = LaunchScreen;
				INFOPLIST_KEY_UISupportedInterfaceOrientations_iPad = "UIInterfaceOrientationPortrait UIInterfaceOrientationPortraitUpsideDown UIInterfaceOrientationLandscapeLeft UIInterfaceOrientationLandscapeRight";
				INFOPLIST_KEY_UISupportedInterfaceOrientations_iPhone = "UIInterfaceOrientationPortrait UIInterfaceOrientationLandscapeLeft UIInterfaceOrientationLandscapeRight";
				LD_RUNPATH_SEARCH_PATHS = (
					"$(inherited)",
					"@executable_path/Frameworks",
				);
				MARKETING_VERSION = 1.0;
				PRODUCT_BUNDLE_IDENTIFIER = "adlet.zhan.collections-app-TableView-CollectionView";
				PRODUCT_NAME = "$(TARGET_NAME)";
				SWIFT_EMIT_LOC_STRINGS = YES;
				SWIFT_VERSION = 5.0;
				TARGETED_DEVICE_FAMILY = "1,2";
			};
			name = Release;
		};
/* End XCBuildConfiguration section */

/* Begin XCConfigurationList section */
		606DE04229E5DF8400AED6AA /* Build configuration list for PBXProject "collections app TableView+CollectionView" */ = {
			isa = XCConfigurationList;
			buildConfigurations = (
				606DE05929E5DF8600AED6AA /* Debug */,
				606DE05A29E5DF8600AED6AA /* Release */,
			);
			defaultConfigurationIsVisible = 0;
			defaultConfigurationName = Release;
		};
		606DE05B29E5DF8600AED6AA /* Build configuration list for PBXNativeTarget "collections app TableView+CollectionView" */ = {
			isa = XCConfigurationList;
			buildConfigurations = (
				606DE05C29E5DF8600AED6AA /* Debug */,
				606DE05D29E5DF8600AED6AA /* Release */,
			);
			defaultConfigurationIsVisible = 0;
			defaultConfigurationName = Release;
		};
/* End XCConfigurationList section */

/* Begin XCRemoteSwiftPackageReference section */
		606DE06429E5E8BE00AED6AA /* XCRemoteSwiftPackageReference "SnapKit" */ = {
			isa = XCRemoteSwiftPackageReference;
			repositoryURL = "https://github.com/SnapKit/SnapKit.git";
			requirement = {
				kind = upToNextMajorVersion;
				minimumVersion = 5.0.0;
			};
		};
/* End XCRemoteSwiftPackageReference section */

/* Begin XCSwiftPackageProductDependency section */
		606DE06529E5E8BE00AED6AA /* SnapKit */ = {
			isa = XCSwiftPackageProductDependency;
			package = 606DE06429E5E8BE00AED6AA /* XCRemoteSwiftPackageReference "SnapKit" */;
			productName = SnapKit;
		};
/* End XCSwiftPackageProductDependency section */
	};
	rootObject = 606DE03F29E5DF8400AED6AA /* Project object */;
}
